
Microsoft Visual Studio Solution File, Format Version 12.00
# Visual Studio Version 16
VisualStudioVersion = 16.0.30621.155
MinimumVisualStudioVersion = 10.0.40219.1
Project("{9A19103F-16F7-4668-BE54-9A1E7A4F7556}") = "cs_history", "cs_history.csproj", "{3CF047B0-B597-4F4F-B2D6-05979FA087B0}"
EndProject
Global
	GlobalSection(SolutionConfigurationPlatforms) = preSolution
		Debug|Any CPU = Debug|Any CPU
		Release|Any CPU = Release|Any CPU
	EndGlobalSection
	GlobalSection(ProjectConfigurationPlatforms) = postSolution
		{3CF047B0-B597-4F4F-B2D6-05979FA087B0}.Debug|Any CPU.ActiveCfg = Debug|Any CPU
		{3CF047B0-B597-4F4F-B2D6-05979FA087B0}.Debug|Any CPU.Build.0 = Debug|Any CPU
		{3CF047B0-B597-4F4F-B2D6-05979FA087B0}.Release|Any CPU.ActiveCfg = Release|Any CPU
		{3CF047B0-B597-4F4F-B2D6-05979FA087B0}.Release|Any CPU.Build.0 = Release|Any CPU
	EndGlobalSection
	GlobalSection(SolutionProperties) = preSolution
		HideSolutionNode = FALSE
	EndGlobalSection
	GlobalSection(ExtensibilityGlobals) = postSolution
		SolutionGuid = {8461A4DE-0B1F-42B7-BF7D-68D77DB3F8C4}
	EndGlobalSection
EndGlobal
